// !$*UTF8*$!
{
	archiveVersion = 1;
	classes = {
	};
	objectVersion = 46;
	objects = {

/* Begin PBXBuildFile section */
		7EC071171524D09300FB843E /* UIKit.framework in Frameworks */ = {isa = PBXBuildFile; fileRef = 7EC071161524D09300FB843E /* UIKit.framework */; };
		7EC071191524D09300FB843E /* Foundation.framework in Frameworks */ = {isa = PBXBuildFile; fileRef = 7EC071181524D09300FB843E /* Foundation.framework */; };
		7EC0711B1524D09300FB843E /* CoreGraphics.framework in Frameworks */ = {isa = PBXBuildFile; fileRef = 7EC0711A1524D09300FB843E /* CoreGraphics.framework */; };
		7EC071211524D09300FB843E /* InfoPlist.strings in Resources */ = {isa = PBXBuildFile; fileRef = 7EC0711F1524D09300FB843E /* InfoPlist.strings */; };
		7EC071231524D09300FB843E /* main.m in Sources */ = {isa = PBXBuildFile; fileRef = 7EC071221524D09300FB843E /* main.m */; };
		7EC071271524D09300FB843E /* AppDelegate.m in Sources */ = {isa = PBXBuildFile; fileRef = 7EC071261524D09300FB843E /* AppDelegate.m */; };
		7EC0712A1524D09300FB843E /* FirstViewController.m in Sources */ = {isa = PBXBuildFile; fileRef = 7EC071291524D09300FB843E /* FirstViewController.m */; };
		7EC0712C1524D09300FB843E /* first.png in Resources */ = {isa = PBXBuildFile; fileRef = 7EC0712B1524D09300FB843E /* first.png */; };
		7EC0712E1524D09300FB843E /* first@2x.png in Resources */ = {isa = PBXBuildFile; fileRef = 7EC0712D1524D09300FB843E /* first@2x.png */; };
		7EC071311524D09300FB843E /* SecondViewController.m in Sources */ = {isa = PBXBuildFile; fileRef = 7EC071301524D09300FB843E /* SecondViewController.m */; };
		7EC071331524D09300FB843E /* second.png in Resources */ = {isa = PBXBuildFile; fileRef = 7EC071321524D09300FB843E /* second.png */; };
		7EC071351524D09300FB843E /* second@2x.png in Resources */ = {isa = PBXBuildFile; fileRef = 7EC071341524D09300FB843E /* second@2x.png */; };
		7EC071381524D09300FB843E /* FirstViewController.xib in Resources */ = {isa = PBXBuildFile; fileRef = 7EC071361524D09300FB843E /* FirstViewController.xib */; };
		7EC0713B1524D09300FB843E /* SecondViewController.xib in Resources */ = {isa = PBXBuildFile; fileRef = 7EC071391524D09300FB843E /* SecondViewController.xib */; };
		7EC071461524D0B600FB843E /* IconButton.m in Sources */ = {isa = PBXBuildFile; fileRef = 7EC071431524D0B600FB843E /* IconButton.m */; };
		7EC071471524D0B600FB843E /* IconGridView.m in Sources */ = {isa = PBXBuildFile; fileRef = 7EC071451524D0B600FB843E /* IconGridView.m */; };
		7EC0714A1524D0DB00FB843E /* piggy-bank.png in Resources */ = {isa = PBXBuildFile; fileRef = 7EC071481524D0DB00FB843E /* piggy-bank.png */; };
		7EC0714B1524D0DB00FB843E /* piggy-bank@2x.png in Resources */ = {isa = PBXBuildFile; fileRef = 7EC071491524D0DB00FB843E /* piggy-bank@2x.png */; };
		7EC0714F1524D20000FB843E /* CGUtils.m in Sources */ = {isa = PBXBuildFile; fileRef = 7EC0714E1524D20000FB843E /* CGUtils.m */; };
		7EC071581524D21C00FB843E /* RRCausticColorMatcher.m in Sources */ = {isa = PBXBuildFile; fileRef = 7EC071511524D21B00FB843E /* RRCausticColorMatcher.m */; settings = {COMPILER_FLAGS = "-fno-objc-arc"; }; };
		7EC071591524D21C00FB843E /* RRExponentialFunction.m in Sources */ = {isa = PBXBuildFile; fileRef = 7EC071531524D21B00FB843E /* RRExponentialFunction.m */; settings = {COMPILER_FLAGS = "-fno-objc-arc"; }; };
		7EC0715A1524D21C00FB843E /* RRGlossCausticShader.m in Sources */ = {isa = PBXBuildFile; fileRef = 7EC071551524D21B00FB843E /* RRGlossCausticShader.m */; settings = {COMPILER_FLAGS = "-fno-objc-arc"; }; };
		7EC0715B1524D21C00FB843E /* RRLuminanceFromRGBComponents.m in Sources */ = {isa = PBXBuildFile; fileRef = 7EC071571524D21B00FB843E /* RRLuminanceFromRGBComponents.m */; settings = {COMPILER_FLAGS = "-fno-objc-arc"; }; };
		7EC0715F1524D24100FB843E /* UIColor+RRUIKit.m in Sources */ = {isa = PBXBuildFile; fileRef = 7EC0715E1524D24100FB843E /* UIColor+RRUIKit.m */; settings = {COMPILER_FLAGS = "-fno-objc-arc"; }; };
		7EC071611524D26000FB843E /* QuartzCore.framework in Frameworks */ = {isa = PBXBuildFile; fileRef = 7EC071601524D26000FB843E /* QuartzCore.framework */; };
		7EC071641524D5D800FB843E /* GridViewDelegate.m in Sources */ = {isa = PBXBuildFile; fileRef = 7EC071631524D5D700FB843E /* GridViewDelegate.m */; };
/* End PBXBuildFile section */

/* Begin PBXFileReference section */
		7EC071121524D09300FB843E /* gridview.app */ = {isa = PBXFileReference; explicitFileType = wrapper.application; includeInIndex = 0; path = gridview.app; sourceTree = BUILT_PRODUCTS_DIR; };
		7EC071161524D09300FB843E /* UIKit.framework */ = {isa = PBXFileReference; lastKnownFileType = wrapper.framework; name = UIKit.framework; path = System/Library/Frameworks/UIKit.framework; sourceTree = SDKROOT; };
		7EC071181524D09300FB843E /* Foundation.framework */ = {isa = PBXFileReference; lastKnownFileType = wrapper.framework; name = Foundation.framework; path = System/Library/Frameworks/Foundation.framework; sourceTree = SDKROOT; };
		7EC0711A1524D09300FB843E /* CoreGraphics.framework */ = {isa = PBXFileReference; lastKnownFileType = wrapper.framework; name = CoreGraphics.framework; path = System/Library/Frameworks/CoreGraphics.framework; sourceTree = SDKROOT; };
		7EC0711E1524D09300FB843E /* gridview-Info.plist */ = {isa = PBXFileReference; lastKnownFileType = text.plist.xml; path = "gridview-Info.plist"; sourceTree = "<group>"; };
		7EC071201524D09300FB843E /* en */ = {isa = PBXFileReference; lastKnownFileType = text.plist.strings; name = en; path = en.lproj/InfoPlist.strings; sourceTree = "<group>"; };
		7EC071221524D09300FB843E /* main.m */ = {isa = PBXFileReference; lastKnownFileType = sourcecode.c.objc; path = main.m; sourceTree = "<group>"; };
		7EC071241524D09300FB843E /* gridview-Prefix.pch */ = {isa = PBXFileReference; lastKnownFileType = sourcecode.c.h; path = "gridview-Prefix.pch"; sourceTree = "<group>"; };
		7EC071251524D09300FB843E /* AppDelegate.h */ = {isa = PBXFileReference; lastKnownFileType = sourcecode.c.h; path = AppDelegate.h; sourceTree = "<group>"; };
		7EC071261524D09300FB843E /* AppDelegate.m */ = {isa = PBXFileReference; lastKnownFileType = sourcecode.c.objc; path = AppDelegate.m; sourceTree = "<group>"; };
		7EC071281524D09300FB843E /* FirstViewController.h */ = {isa = PBXFileReference; lastKnownFileType = sourcecode.c.h; path = FirstViewController.h; sourceTree = "<group>"; };
		7EC071291524D09300FB843E /* FirstViewController.m */ = {isa = PBXFileReference; lastKnownFileType = sourcecode.c.objc; path = FirstViewController.m; sourceTree = "<group>"; };
		7EC0712B1524D09300FB843E /* first.png */ = {isa = PBXFileReference; lastKnownFileType = image.png; path = first.png; sourceTree = "<group>"; };
		7EC0712D1524D09300FB843E /* first@2x.png */ = {isa = PBXFileReference; lastKnownFileType = image.png; path = "first@2x.png"; sourceTree = "<group>"; };
		7EC0712F1524D09300FB843E /* SecondViewController.h */ = {isa = PBXFileReference; lastKnownFileType = sourcecode.c.h; path = SecondViewController.h; sourceTree = "<group>"; };
		7EC071301524D09300FB843E /* SecondViewController.m */ = {isa = PBXFileReference; lastKnownFileType = sourcecode.c.objc; path = SecondViewController.m; sourceTree = "<group>"; };
		7EC071321524D09300FB843E /* second.png */ = {isa = PBXFileReference; lastKnownFileType = image.png; path = second.png; sourceTree = "<group>"; };
		7EC071341524D09300FB843E /* second@2x.png */ = {isa = PBXFileReference; lastKnownFileType = image.png; path = "second@2x.png"; sourceTree = "<group>"; };
		7EC071371524D09300FB843E /* en */ = {isa = PBXFileReference; lastKnownFileType = file.xib; name = en; path = en.lproj/FirstViewController.xib; sourceTree = "<group>"; };
		7EC0713A1524D09300FB843E /* en */ = {isa = PBXFileReference; lastKnownFileType = file.xib; name = en; path = en.lproj/SecondViewController.xib; sourceTree = "<group>"; };
		7EC071421524D0B600FB843E /* IconButton.h */ = {isa = PBXFileReference; fileEncoding = 4; lastKnownFileType = sourcecode.c.h; path = IconButton.h; sourceTree = "<group>"; };
		7EC071431524D0B600FB843E /* IconButton.m */ = {isa = PBXFileReference; fileEncoding = 4; lastKnownFileType = sourcecode.c.objc; path = IconButton.m; sourceTree = "<group>"; };
		7EC071441524D0B600FB843E /* IconGridView.h */ = {isa = PBXFileReference; fileEncoding = 4; lastKnownFileType = sourcecode.c.h; path = IconGridView.h; sourceTree = "<group>"; };
		7EC071451524D0B600FB843E /* IconGridView.m */ = {isa = PBXFileReference; fileEncoding = 4; lastKnownFileType = sourcecode.c.objc; path = IconGridView.m; sourceTree = "<group>"; };
		7EC071481524D0DB00FB843E /* piggy-bank.png */ = {isa = PBXFileReference; lastKnownFileType = image.png; path = "piggy-bank.png"; sourceTree = "<group>"; };
		7EC071491524D0DB00FB843E /* piggy-bank@2x.png */ = {isa = PBXFileReference; lastKnownFileType = image.png; path = "piggy-bank@2x.png"; sourceTree = "<group>"; };
		7EC0714D1524D1FF00FB843E /* CGUtils.h */ = {isa = PBXFileReference; fileEncoding = 4; lastKnownFileType = sourcecode.c.h; path = CGUtils.h; sourceTree = "<group>"; };
		7EC0714E1524D20000FB843E /* CGUtils.m */ = {isa = PBXFileReference; fileEncoding = 4; lastKnownFileType = sourcecode.c.objc; path = CGUtils.m; sourceTree = "<group>"; };
		7EC071501524D21B00FB843E /* RRCausticColorMatcher.h */ = {isa = PBXFileReference; fileEncoding = 4; lastKnownFileType = sourcecode.c.h; path = RRCausticColorMatcher.h; sourceTree = "<group>"; };
		7EC071511524D21B00FB843E /* RRCausticColorMatcher.m */ = {isa = PBXFileReference; fileEncoding = 4; lastKnownFileType = sourcecode.c.objc; path = RRCausticColorMatcher.m; sourceTree = "<group>"; };
		7EC071521524D21B00FB843E /* RRExponentialFunction.h */ = {isa = PBXFileReference; fileEncoding = 4; lastKnownFileType = sourcecode.c.h; path = RRExponentialFunction.h; sourceTree = "<group>"; };
		7EC071531524D21B00FB843E /* RRExponentialFunction.m */ = {isa = PBXFileReference; fileEncoding = 4; lastKnownFileType = sourcecode.c.objc; path = RRExponentialFunction.m; sourceTree = "<group>"; };
		7EC071541524D21B00FB843E /* RRGlossCausticShader.h */ = {isa = PBXFileReference; fileEncoding = 4; lastKnownFileType = sourcecode.c.h; path = RRGlossCausticShader.h; sourceTree = "<group>"; };
		7EC071551524D21B00FB843E /* RRGlossCausticShader.m */ = {isa = PBXFileReference; fileEncoding = 4; lastKnownFileType = sourcecode.c.objc; path = RRGlossCausticShader.m; sourceTree = "<group>"; };
		7EC071561524D21B00FB843E /* RRLuminanceFromRGBComponents.h */ = {isa = PBXFileReference; fileEncoding = 4; lastKnownFileType = sourcecode.c.h; path = RRLuminanceFromRGBComponents.h; sourceTree = "<group>"; };
		7EC071571524D21B00FB843E /* RRLuminanceFromRGBComponents.m */ = {isa = PBXFileReference; fileEncoding = 4; lastKnownFileType = sourcecode.c.objc; path = RRLuminanceFromRGBComponents.m; sourceTree = "<group>"; };
		7EC0715D1524D24100FB843E /* UIColor+RRUIKit.h */ = {isa = PBXFileReference; fileEncoding = 4; lastKnownFileType = sourcecode.c.h; path = "UIColor+RRUIKit.h"; sourceTree = "<group>"; };
		7EC0715E1524D24100FB843E /* UIColor+RRUIKit.m */ = {isa = PBXFileReference; fileEncoding = 4; lastKnownFileType = sourcecode.c.objc; path = "UIColor+RRUIKit.m"; sourceTree = "<group>"; };
		7EC071601524D26000FB843E /* QuartzCore.framework */ = {isa = PBXFileReference; lastKnownFileType = wrapper.framework; name = QuartzCore.framework; path = System/Library/Frameworks/QuartzCore.framework; sourceTree = SDKROOT; };
		7EC071621524D5D700FB843E /* GridViewDelegate.h */ = {isa = PBXFileReference; fileEncoding = 4; lastKnownFileType = sourcecode.c.h; path = GridViewDelegate.h; sourceTree = "<group>"; };
		7EC071631524D5D700FB843E /* GridViewDelegate.m */ = {isa = PBXFileReference; fileEncoding = 4; lastKnownFileType = sourcecode.c.objc; path = GridViewDelegate.m; sourceTree = "<group>"; };
/* End PBXFileReference section */

/* Begin PBXFrameworksBuildPhase section */
		7EC0710F1524D09300FB843E /* Frameworks */ = {
			isa = PBXFrameworksBuildPhase;
			buildActionMask = 2147483647;
			files = (
				7EC071611524D26000FB843E /* QuartzCore.framework in Frameworks */,
				7EC071171524D09300FB843E /* UIKit.framework in Frameworks */,
				7EC071191524D09300FB843E /* Foundation.framework in Frameworks */,
				7EC0711B1524D09300FB843E /* CoreGraphics.framework in Frameworks */,
			);
			runOnlyForDeploymentPostprocessing = 0;
		};
/* End PBXFrameworksBuildPhase section */

/* Begin PBXGroup section */
		7EC071071524D09300FB843E = {
			isa = PBXGroup;
			children = (
				7EC0711C1524D09300FB843E /* gridview */,
				7EC071151524D09300FB843E /* Frameworks */,
				7EC071131524D09300FB843E /* Products */,
			);
			sourceTree = "<group>";
		};
		7EC071131524D09300FB843E /* Products */ = {
			isa = PBXGroup;
			children = (
				7EC071121524D09300FB843E /* gridview.app */,
			);
			name = Products;
			sourceTree = "<group>";
		};
		7EC071151524D09300FB843E /* Frameworks */ = {
			isa = PBXGroup;
			children = (
				7EC071601524D26000FB843E /* QuartzCore.framework */,
				7EC071161524D09300FB843E /* UIKit.framework */,
				7EC071181524D09300FB843E /* Foundation.framework */,
				7EC0711A1524D09300FB843E /* CoreGraphics.framework */,
			);
			name = Frameworks;
			sourceTree = "<group>";
		};
		7EC0711C1524D09300FB843E /* gridview */ = {
			isa = PBXGroup;
			children = (
				7EC0715C1524D22300FB843E /* Drawing */,
				7EC0714C1524D0E200FB843E /* Images */,
				7EC071411524D0A400FB843E /* Classes */,
				7EC071251524D09300FB843E /* AppDelegate.h */,
				7EC071261524D09300FB843E /* AppDelegate.m */,
				7EC071281524D09300FB843E /* FirstViewController.h */,
				7EC071291524D09300FB843E /* FirstViewController.m */,
				7EC0712B1524D09300FB843E /* first.png */,
				7EC0712D1524D09300FB843E /* first@2x.png */,
				7EC0712F1524D09300FB843E /* SecondViewController.h */,
				7EC071301524D09300FB843E /* SecondViewController.m */,
				7EC071321524D09300FB843E /* second.png */,
				7EC071341524D09300FB843E /* second@2x.png */,
				7EC071361524D09300FB843E /* FirstViewController.xib */,
				7EC071391524D09300FB843E /* SecondViewController.xib */,
				7EC071621524D5D700FB843E /* GridViewDelegate.h */,
				7EC071631524D5D700FB843E /* GridViewDelegate.m */,
				7EC0711D1524D09300FB843E /* Supporting Files */,
			);
			path = gridview;
			sourceTree = "<group>";
		};
		7EC0711D1524D09300FB843E /* Supporting Files */ = {
			isa = PBXGroup;
			children = (
				7EC0711E1524D09300FB843E /* gridview-Info.plist */,
				7EC0711F1524D09300FB843E /* InfoPlist.strings */,
				7EC071221524D09300FB843E /* main.m */,
				7EC071241524D09300FB843E /* gridview-Prefix.pch */,
			);
			name = "Supporting Files";
			sourceTree = "<group>";
		};
		7EC071411524D0A400FB843E /* Classes */ = {
			isa = PBXGroup;
			children = (
				7EC071421524D0B600FB843E /* IconButton.h */,
				7EC071431524D0B600FB843E /* IconButton.m */,
				7EC071441524D0B600FB843E /* IconGridView.h */,
				7EC071451524D0B600FB843E /* IconGridView.m */,
			);
			name = Classes;
			sourceTree = "<group>";
		};
		7EC0714C1524D0E200FB843E /* Images */ = {
			isa = PBXGroup;
			children = (
				7EC071481524D0DB00FB843E /* piggy-bank.png */,
				7EC071491524D0DB00FB843E /* piggy-bank@2x.png */,
			);
			name = Images;
			sourceTree = "<group>";
		};
		7EC0715C1524D22300FB843E /* Drawing */ = {
			isa = PBXGroup;
			children = (
				7EC0715D1524D24100FB843E /* UIColor+RRUIKit.h */,
				7EC0715E1524D24100FB843E /* UIColor+RRUIKit.m */,
				7EC071501524D21B00FB843E /* RRCausticColorMatcher.h */,
				7EC071511524D21B00FB843E /* RRCausticColorMatcher.m */,
				7EC071521524D21B00FB843E /* RRExponentialFunction.h */,
				7EC071531524D21B00FB843E /* RRExponentialFunction.m */,
				7EC071541524D21B00FB843E /* RRGlossCausticShader.h */,
				7EC071551524D21B00FB843E /* RRGlossCausticShader.m */,
				7EC071561524D21B00FB843E /* RRLuminanceFromRGBComponents.h */,
				7EC071571524D21B00FB843E /* RRLuminanceFromRGBComponents.m */,
				7EC0714D1524D1FF00FB843E /* CGUtils.h */,
				7EC0714E1524D20000FB843E /* CGUtils.m */,
			);
			name = Drawing;
			sourceTree = "<group>";
		};
/* End PBXGroup section */

/* Begin PBXNativeTarget section */
		7EC071111524D09300FB843E /* gridview */ = {
			isa = PBXNativeTarget;
			buildConfigurationList = 7EC0713E1524D09300FB843E /* Build configuration list for PBXNativeTarget "gridview" */;
			buildPhases = (
				7EC0710E1524D09300FB843E /* Sources */,
				7EC0710F1524D09300FB843E /* Frameworks */,
				7EC071101524D09300FB843E /* Resources */,
			);
			buildRules = (
			);
			dependencies = (
			);
			name = gridview;
			productName = gridview;
			productReference = 7EC071121524D09300FB843E /* gridview.app */;
			productType = "com.apple.product-type.application";
		};
/* End PBXNativeTarget section */

/* Begin PBXProject section */
		7EC071091524D09300FB843E /* Project object */ = {
			isa = PBXProject;
			attributes = {
				LastUpgradeCheck = 0430;
			};
			buildConfigurationList = 7EC0710C1524D09300FB843E /* Build configuration list for PBXProject "gridview" */;
			compatibilityVersion = "Xcode 3.2";
			developmentRegion = English;
			hasScannedForEncodings = 0;
			knownRegions = (
				en,
			);
			mainGroup = 7EC071071524D09300FB843E;
			productRefGroup = 7EC071131524D09300FB843E /* Products */;
			projectDirPath = "";
			projectRoot = "";
			targets = (
				7EC071111524D09300FB843E /* gridview */,
			);
		};
/* End PBXProject section */

/* Begin PBXResourcesBuildPhase section */
		7EC071101524D09300FB843E /* Resources */ = {
			isa = PBXResourcesBuildPhase;
			buildActionMask = 2147483647;
			files = (
				7EC071211524D09300FB843E /* InfoPlist.strings in Resources */,
				7EC0712C1524D09300FB843E /* first.png in Resources */,
				7EC0712E1524D09300FB843E /* first@2x.png in Resources */,
				7EC071331524D09300FB843E /* second.png in Resources */,
				7EC071351524D09300FB843E /* second@2x.png in Resources */,
				7EC071381524D09300FB843E /* FirstViewController.xib in Resources */,
				7EC0713B1524D09300FB843E /* SecondViewController.xib in Resources */,
				7EC0714A1524D0DB00FB843E /* piggy-bank.png in Resources */,
				7EC0714B1524D0DB00FB843E /* piggy-bank@2x.png in Resources */,
			);
			runOnlyForDeploymentPostprocessing = 0;
		};
/* End PBXResourcesBuildPhase section */

/* Begin PBXSourcesBuildPhase section */
		7EC0710E1524D09300FB843E /* Sources */ = {
			isa = PBXSourcesBuildPhase;
			buildActionMask = 2147483647;
			files = (
				7EC071231524D09300FB843E /* main.m in Sources */,
				7EC071271524D09300FB843E /* AppDelegate.m in Sources */,
				7EC0712A1524D09300FB843E /* FirstViewController.m in Sources */,
				7EC071311524D09300FB843E /* SecondViewController.m in Sources */,
				7EC071461524D0B600FB843E /* IconButton.m in Sources */,
				7EC071471524D0B600FB843E /* IconGridView.m in Sources */,
				7EC0714F1524D20000FB843E /* CGUtils.m in Sources */,
				7EC071581524D21C00FB843E /* RRCausticColorMatcher.m in Sources */,
				7EC071591524D21C00FB843E /* RRExponentialFunction.m in Sources */,
				7EC0715A1524D21C00FB843E /* RRGlossCausticShader.m in Sources */,
				7EC0715B1524D21C00FB843E /* RRLuminanceFromRGBComponents.m in Sources */,
				7EC0715F1524D24100FB843E /* UIColor+RRUIKit.m in Sources */,
				7EC071641524D5D800FB843E /* GridViewDelegate.m in Sources */,
			);
			runOnlyForDeploymentPostprocessing = 0;
		};
/* End PBXSourcesBuildPhase section */

/* Begin PBXVariantGroup section */
		7EC0711F1524D09300FB843E /* InfoPlist.strings */ = {
			isa = PBXVariantGroup;
			children = (
				7EC071201524D09300FB843E /* en */,
			);
			name = InfoPlist.strings;
			sourceTree = "<group>";
		};
		7EC071361524D09300FB843E /* FirstViewController.xib */ = {
			isa = PBXVariantGroup;
			children = (
				7EC071371524D09300FB843E /* en */,
			);
			name = FirstViewController.xib;
			sourceTree = "<group>";
		};
		7EC071391524D09300FB843E /* SecondViewController.xib */ = {
			isa = PBXVariantGroup;
			children = (
				7EC0713A1524D09300FB843E /* en */,
			);
			name = SecondViewController.xib;
			sourceTree = "<group>";
		};
/* End PBXVariantGroup section */

/* Begin XCBuildConfiguration section */
		7EC0713C1524D09300FB843E /* Debug */ = {
			isa = XCBuildConfiguration;
			buildSettings = {
				ALWAYS_SEARCH_USER_PATHS = NO;
				ARCHS = "$(ARCHS_STANDARD_32_BIT)";
				CLANG_ENABLE_OBJC_ARC = YES;
				"CODE_SIGN_IDENTITY[sdk=iphoneos*]" = "iPhone Developer";
				COPY_PHASE_STRIP = NO;
				GCC_C_LANGUAGE_STANDARD = gnu99;
				GCC_DYNAMIC_NO_PIC = NO;
				GCC_OPTIMIZATION_LEVEL = 0;
				GCC_PREPROCESSOR_DEFINITIONS = (
					"DEBUG=1",
					"$(inherited)",
				);
				GCC_SYMBOLS_PRIVATE_EXTERN = NO;
				GCC_VERSION = com.apple.compilers.llvm.clang.1_0;
				GCC_WARN_ABOUT_RETURN_TYPE = YES;
				GCC_WARN_UNINITIALIZED_AUTOS = YES;
				GCC_WARN_UNUSED_VARIABLE = YES;
				IPHONEOS_DEPLOYMENT_TARGET = 5.1;
				SDKROOT = iphoneos;
			};
			name = Debug;
		};
		7EC0713D1524D09300FB843E /* Release */ = {
			isa = XCBuildConfiguration;
			buildSettings = {
				ALWAYS_SEARCH_USER_PATHS = NO;
				ARCHS = "$(ARCHS_STANDARD_32_BIT)";
				CLANG_ENABLE_OBJC_ARC = YES;
				"CODE_SIGN_IDENTITY[sdk=iphoneos*]" = "iPhone Developer";
				COPY_PHASE_STRIP = YES;
				GCC_C_LANGUAGE_STANDARD = gnu99;
				GCC_VERSION = com.apple.compilers.llvm.clang.1_0;
				GCC_WARN_ABOUT_RETURN_TYPE = YES;
				GCC_WARN_UNINITIALIZED_AUTOS = YES;
				GCC_WARN_UNUSED_VARIABLE = YES;
				IPHONEOS_DEPLOYMENT_TARGET = 5.1;
				OTHER_CFLAGS = "-DNS_BLOCK_ASSERTIONS=1";
				SDKROOT = iphoneos;
				VALIDATE_PRODUCT = YES;
			};
			name = Release;
		};
		7EC0713F1524D09300FB843E /* Debug */ = {
			isa = XCBuildConfiguration;
			buildSettings = {
				GCC_PRECOMPILE_PREFIX_HEADER = YES;
				GCC_PREFIX_HEADER = "gridview/gridview-Prefix.pch";
				INFOPLIST_FILE = "gridview/gridview-Info.plist";
				PRODUCT_NAME = "$(TARGET_NAME)";
				WRAPPER_EXTENSION = app;
			};
			name = Debug;
		};
		7EC071401524D09300FB843E /* Release */ = {
			isa = XCBuildConfiguration;
			buildSettings = {
				GCC_PRECOMPILE_PREFIX_HEADER = YES;
				GCC_PREFIX_HEADER = "gridview/gridview-Prefix.pch";
				INFOPLIST_FILE = "gridview/gridview-Info.plist";
				PRODUCT_NAME = "$(TARGET_NAME)";
				WRAPPER_EXTENSION = app;
			};
			name = Release;
		};
/* End XCBuildConfiguration section */

/* Begin XCConfigurationList section */
		7EC0710C1524D09300FB843E /* Build configuration list for PBXProject "gridview" */ = {
			isa = XCConfigurationList;
			buildConfigurations = (
				7EC0713C1524D09300FB843E /* Debug */,
				7EC0713D1524D09300FB843E /* Release */,
			);
			defaultConfigurationIsVisible = 0;
			defaultConfigurationName = Release;
		};
		7EC0713E1524D09300FB843E /* Build configuration list for PBXNativeTarget "gridview" */ = {
			isa = XCConfigurationList;
			buildConfigurations = (
				7EC0713F1524D09300FB843E /* Debug */,
				7EC071401524D09300FB843E /* Release */,
			);
			defaultConfigurationIsVisible = 0;
		};
/* End XCConfigurationList section */
	};
	rootObject = 7EC071091524D09300FB843E /* Project object */;
}
